
Microsoft Visual Studio Solution File, Format Version 12.00
# Visual Studio 15
VisualStudioVersion = 15.0.27004.2002
MinimumVisualStudioVersion = 10.0.40219.1
Project("{FAE04EC0-301F-11D3-BF4B-00C04F79EFBC}") = "LOL.WebAPI", "LOL.WebAPI\LOL.WebAPI.csproj", "{22EA5F46-C572-46C8-94B0-7F2B1E68AC3B}"
EndProject
Project("{E24C65DC-7377-472B-9ABA-BC803B73C61A}") = "LOL.Client", "..\..\WebSites\LOL.Client\", "{922BBBA8-9BF0-45AA-9B0B-ABE26F72E079}"
	ProjectSection(WebsiteProperties) = preProject
		TargetFrameworkMoniker = ".NETFramework,Version%3Dv4.5.2"
		Debug.AspNetCompiler.VirtualPath = "/localhost_65503"
		Debug.AspNetCompiler.PhysicalPath = "..\..\WebSites\LOL.Client\"
		Debug.AspNetCompiler.TargetPath = "PrecompiledWeb\localhost_65503\"
		Debug.AspNetCompiler.Updateable = "true"
		Debug.AspNetCompiler.ForceOverwrite = "true"
		Debug.AspNetCompiler.FixedNames = "false"
		Debug.AspNetCompiler.Debug = "True"
		Release.AspNetCompiler.VirtualPath = "/localhost_65503"
		Release.AspNetCompiler.PhysicalPath = "..\..\WebSites\LOL.Client\"
		Release.AspNetCompiler.TargetPath = "PrecompiledWeb\localhost_65503\"
		Release.AspNetCompiler.Updateable = "true"
		Release.AspNetCompiler.ForceOverwrite = "true"
		Release.AspNetCompiler.FixedNames = "false"
		Release.AspNetCompiler.Debug = "False"
		VWDPort = "65503"
		SlnRelativePath = "..\..\WebSites\LOL.Client\"
		DefaultWebSiteLanguage = "Visual C#"
	EndProjectSection
EndProject
Global
	GlobalSection(SolutionConfigurationPlatforms) = preSolution
		Debug|Any CPU = Debug|Any CPU
		Release|Any CPU = Release|Any CPU
	EndGlobalSection
	GlobalSection(ProjectConfigurationPlatforms) = postSolution
		{22EA5F46-C572-46C8-94B0-7F2B1E68AC3B}.Debug|Any CPU.ActiveCfg = Debug|Any CPU
		{22EA5F46-C572-46C8-94B0-7F2B1E68AC3B}.Debug|Any CPU.Build.0 = Debug|Any CPU
		{22EA5F46-C572-46C8-94B0-7F2B1E68AC3B}.Release|Any CPU.ActiveCfg = Release|Any CPU
		{22EA5F46-C572-46C8-94B0-7F2B1E68AC3B}.Release|Any CPU.Build.0 = Release|Any CPU
		{922BBBA8-9BF0-45AA-9B0B-ABE26F72E079}.Debug|Any CPU.ActiveCfg = Debug|Any CPU
		{922BBBA8-9BF0-45AA-9B0B-ABE26F72E079}.Debug|Any CPU.Build.0 = Debug|Any CPU
		{922BBBA8-9BF0-45AA-9B0B-ABE26F72E079}.Release|Any CPU.ActiveCfg = Debug|Any CPU
		{922BBBA8-9BF0-45AA-9B0B-ABE26F72E079}.Release|Any CPU.Build.0 = Debug|Any CPU
	EndGlobalSection
	GlobalSection(SolutionProperties) = preSolution
		HideSolutionNode = FALSE
	EndGlobalSection
	GlobalSection(ExtensibilityGlobals) = postSolution
		SolutionGuid = {8C54F618-2EC0-4C70-925A-15557C651F36}
	EndGlobalSection
EndGlobal
